
Microsoft Visual Studio Solution File, Format Version 12.00
# Visual Studio Version 16
VisualStudioVersion = 16.0.31005.135
MinimumVisualStudioVersion = 10.0.40219.1
Project("{FAE04EC0-301F-11D3-BF4B-00C04F79EFBC}") = "LANguage", "LANguage\LANguage.csproj", "{A54D857C-A259-4547-8C98-548BA40D483C}"
EndProject
Global
	GlobalSection(SolutionConfigurationPlatforms) = preSolution
		Debug|Any CPU = Debug|Any CPU
		Release|Any CPU = Release|Any CPU
	EndGlobalSection
	GlobalSection(ProjectConfigurationPlatforms) = postSolution
		{A54D857C-A259-4547-8C98-548BA40D483C}.Debug|Any CPU.ActiveCfg = Debug|Any CPU
		{A54D857C-A259-4547-8C98-548BA40D483C}.Debug|Any CPU.Build.0 = Debug|Any CPU
		{A54D857C-A259-4547-8C98-548BA40D483C}.Release|Any CPU.ActiveCfg = Release|Any CPU
		{A54D857C-A259-4547-8C98-548BA40D483C}.Release|Any CPU.Build.0 = Release|Any CPU
	EndGlobalSection
	GlobalSection(SolutionProperties) = preSolution
		HideSolutionNode = FALSE
	EndGlobalSection
	GlobalSection(ExtensibilityGlobals) = postSolution
		SolutionGuid = {821D730A-0FC5-402F-8700-3DA02208D012}
	EndGlobalSection
EndGlobal
